
Microsoft Visual Studio Solution File, Format Version 12.00
# Visual Studio Version 17
VisualStudioVersion = 17.7.34031.279
MinimumVisualStudioVersion = 10.0.40219.1
Project("{FAE04EC0-301F-11D3-BF4B-00C04F79EFBC}") = "CAfacebook", "CAfacebook\CAfacebook.csproj", "{30D47263-25C9-4A21-91AF-AAFC6E76E251}"
EndProject
Global
	GlobalSection(SolutionConfigurationPlatforms) = preSolution
		Debug|Any CPU = Debug|Any CPU
		Release|Any CPU = Release|Any CPU
	EndGlobalSection
	GlobalSection(ProjectConfigurationPlatforms) = postSolution
		{30D47263-25C9-4A21-91AF-AAFC6E76E251}.Debug|Any CPU.ActiveCfg = Debug|Any CPU
		{30D47263-25C9-4A21-91AF-AAFC6E76E251}.Debug|Any CPU.Build.0 = Debug|Any CPU
		{30D47263-25C9-4A21-91AF-AAFC6E76E251}.Release|Any CPU.ActiveCfg = Release|Any CPU
		{30D47263-25C9-4A21-91AF-AAFC6E76E251}.Release|Any CPU.Build.0 = Release|Any CPU
	EndGlobalSection
	GlobalSection(SolutionProperties) = preSolution
		HideSolutionNode = FALSE
	EndGlobalSection
	GlobalSection(ExtensibilityGlobals) = postSolution
		SolutionGuid = {A985A372-6841-4DCF-814B-9D004267326A}
	EndGlobalSection
EndGlobal
